
Microsoft Visual Studio Solution File, Format Version 12.00
# Visual Studio 15
VisualStudioVersion = 15.0.26430.16
MinimumVisualStudioVersion = 10.0.40219.1
Project("{FAE04EC0-301F-11D3-BF4B-00C04F79EFBC}") = "AjdemeSi", "AjdemeSi\AjdemeSi.csproj", "{DF751F2C-0554-43E5-B0E1-B36EA2E5AA6C}"
EndProject
Project("{FAE04EC0-301F-11D3-BF4B-00C04F79EFBC}") = "AjdemeSi.Domain", "AjdemeSi.Domain\AjdemeSi.Domain.csproj", "{C46DCD3A-63E1-432D-8776-B6A62BBC28AA}"
EndProject
Project("{00D1A9C2-B5F0-4AF3-8072-F6C62B433612}") = "AjdemeSi.Database", "AjdemeSi.Database\AjdemeSi.Database.sqlproj", "{6FFC4F2A-C576-4063-9DB9-6FA6F155AD47}"
EndProject
Project("{FAE04EC0-301F-11D3-BF4B-00C04F79EFBC}") = "AjdemeSi.Services", "AjdemeSi.Services\AjdemeSi.Services.csproj", "{F3997988-7495-4098-ADEB-06ED88E2BD53}"
EndProject
Global
	GlobalSection(SolutionConfigurationPlatforms) = preSolution
		Debug|Any CPU = Debug|Any CPU
		Release|Any CPU = Release|Any CPU
	EndGlobalSection
	GlobalSection(ProjectConfigurationPlatforms) = postSolution
		{DF751F2C-0554-43E5-B0E1-B36EA2E5AA6C}.Debug|Any CPU.ActiveCfg = Debug|Any CPU
		{DF751F2C-0554-43E5-B0E1-B36EA2E5AA6C}.Debug|Any CPU.Build.0 = Debug|Any CPU
		{DF751F2C-0554-43E5-B0E1-B36EA2E5AA6C}.Release|Any CPU.ActiveCfg = Release|Any CPU
		{DF751F2C-0554-43E5-B0E1-B36EA2E5AA6C}.Release|Any CPU.Build.0 = Release|Any CPU
		{C46DCD3A-63E1-432D-8776-B6A62BBC28AA}.Debug|Any CPU.ActiveCfg = Debug|Any CPU
		{C46DCD3A-63E1-432D-8776-B6A62BBC28AA}.Debug|Any CPU.Build.0 = Debug|Any CPU
		{C46DCD3A-63E1-432D-8776-B6A62BBC28AA}.Release|Any CPU.ActiveCfg = Release|Any CPU
		{C46DCD3A-63E1-432D-8776-B6A62BBC28AA}.Release|Any CPU.Build.0 = Release|Any CPU
		{6FFC4F2A-C576-4063-9DB9-6FA6F155AD47}.Debug|Any CPU.ActiveCfg = Debug|Any CPU
		{6FFC4F2A-C576-4063-9DB9-6FA6F155AD47}.Debug|Any CPU.Build.0 = Debug|Any CPU
		{6FFC4F2A-C576-4063-9DB9-6FA6F155AD47}.Debug|Any CPU.Deploy.0 = Debug|Any CPU
		{6FFC4F2A-C576-4063-9DB9-6FA6F155AD47}.Release|Any CPU.ActiveCfg = Release|Any CPU
		{6FFC4F2A-C576-4063-9DB9-6FA6F155AD47}.Release|Any CPU.Build.0 = Release|Any CPU
		{6FFC4F2A-C576-4063-9DB9-6FA6F155AD47}.Release|Any CPU.Deploy.0 = Release|Any CPU
		{F3997988-7495-4098-ADEB-06ED88E2BD53}.Debug|Any CPU.ActiveCfg = Debug|Any CPU
		{F3997988-7495-4098-ADEB-06ED88E2BD53}.Debug|Any CPU.Build.0 = Debug|Any CPU
		{F3997988-7495-4098-ADEB-06ED88E2BD53}.Release|Any CPU.ActiveCfg = Release|Any CPU
		{F3997988-7495-4098-ADEB-06ED88E2BD53}.Release|Any CPU.Build.0 = Release|Any CPU
	EndGlobalSection
	GlobalSection(SolutionProperties) = preSolution
		HideSolutionNode = FALSE
	EndGlobalSection
EndGlobal
